
Microsoft Visual Studio Solution File, Format Version 12.00
# Visual Studio 15
VisualStudioVersion = 15.0.28307.757
MinimumVisualStudioVersion = 10.0.40219.1
Project("{FAE04EC0-301F-11D3-BF4B-00C04F79EFBC}") = "IShop", "IShop\IShop.csproj", "{4A1494B4-FBB7-4C84-AEC9-5E8DD5098265}"
EndProject
Project("{FAE04EC0-301F-11D3-BF4B-00C04F79EFBC}") = "IShop.Domain", "F:\ITVDN\46 [ITVDN] ASP.NET WEB API2\aspnet-webapi-2-materials\Sample\IShop-bussiness-logic\IShop.Domain\IShop.Domain.csproj", "{F2DA102C-96F6-409A-B327-B67ED188BAD8}"
EndProject
Project("{FAE04EC0-301F-11D3-BF4B-00C04F79EFBC}") = "IShop.BusinessLogic", "F:\ITVDN\46 [ITVDN] ASP.NET WEB API2\aspnet-webapi-2-materials\Sample\IShop-bussiness-logic\IShop.BusinessLogic\IShop.BusinessLogic.csproj", "{B75F8A2A-C086-4497-A589-12B3723028B3}"
EndProject
Global
	GlobalSection(SolutionConfigurationPlatforms) = preSolution
		Debug|Any CPU = Debug|Any CPU
		Release|Any CPU = Release|Any CPU
	EndGlobalSection
	GlobalSection(ProjectConfigurationPlatforms) = postSolution
		{4A1494B4-FBB7-4C84-AEC9-5E8DD5098265}.Debug|Any CPU.ActiveCfg = Debug|Any CPU
		{4A1494B4-FBB7-4C84-AEC9-5E8DD5098265}.Debug|Any CPU.Build.0 = Debug|Any CPU
		{4A1494B4-FBB7-4C84-AEC9-5E8DD5098265}.Release|Any CPU.ActiveCfg = Release|Any CPU
		{4A1494B4-FBB7-4C84-AEC9-5E8DD5098265}.Release|Any CPU.Build.0 = Release|Any CPU
		{F2DA102C-96F6-409A-B327-B67ED188BAD8}.Debug|Any CPU.ActiveCfg = Debug|Any CPU
		{F2DA102C-96F6-409A-B327-B67ED188BAD8}.Debug|Any CPU.Build.0 = Debug|Any CPU
		{F2DA102C-96F6-409A-B327-B67ED188BAD8}.Release|Any CPU.ActiveCfg = Release|Any CPU
		{F2DA102C-96F6-409A-B327-B67ED188BAD8}.Release|Any CPU.Build.0 = Release|Any CPU
		{B75F8A2A-C086-4497-A589-12B3723028B3}.Debug|Any CPU.ActiveCfg = Debug|Any CPU
		{B75F8A2A-C086-4497-A589-12B3723028B3}.Debug|Any CPU.Build.0 = Debug|Any CPU
		{B75F8A2A-C086-4497-A589-12B3723028B3}.Release|Any CPU.ActiveCfg = Release|Any CPU
		{B75F8A2A-C086-4497-A589-12B3723028B3}.Release|Any CPU.Build.0 = Release|Any CPU
	EndGlobalSection
	GlobalSection(SolutionProperties) = preSolution
		HideSolutionNode = FALSE
	EndGlobalSection
	GlobalSection(ExtensibilityGlobals) = postSolution
		SolutionGuid = {9794FB9B-5661-4436-A27E-02F724CE36D7}
	EndGlobalSection
EndGlobal
